
Microsoft Visual Studio Solution File, Format Version 12.00
# Visual Studio 15
Project("{FAE04EC0-301F-11D3-BF4B-00C04F79EFBC}") = "Automagic.Core", "Automagic.Core.csproj", "{EBB44AD6-3B32-4845-8FCC-522EB44F484F}"
EndProject
Global
	GlobalSection(SolutionConfigurationPlatforms) = preSolution
		Debug|Any CPU = Debug|Any CPU
		Release|Any CPU = Release|Any CPU
	EndGlobalSection
	GlobalSection(ProjectConfigurationPlatforms) = postSolution
		{EBB44AD6-3B32-4845-8FCC-522EB44F484F}.Debug|Any CPU.ActiveCfg = Debug|Any CPU
		{EBB44AD6-3B32-4845-8FCC-522EB44F484F}.Debug|Any CPU.Build.0 = Debug|Any CPU
		{EBB44AD6-3B32-4845-8FCC-522EB44F484F}.Release|Any CPU.ActiveCfg = Release|Any CPU
		{EBB44AD6-3B32-4845-8FCC-522EB44F484F}.Release|Any CPU.Build.0 = Release|Any CPU
	EndGlobalSection
EndGlobal
